
Microsoft Visual Studio Solution File, Format Version 12.00
# Visual Studio Version 17
VisualStudioVersion = 17.5.002.0
MinimumVisualStudioVersion = 10.0.40219.1
Project("{9A19103F-16F7-4668-BE54-9A1E7A4F7556}") = "path", "path.csproj", "{78D71A68-23CE-4276-A520-32430DB77F80}"
EndProject
Global
	GlobalSection(SolutionConfigurationPlatforms) = preSolution
		Debug|Any CPU = Debug|Any CPU
		Release|Any CPU = Release|Any CPU
	EndGlobalSection
	GlobalSection(ProjectConfigurationPlatforms) = postSolution
		{78D71A68-23CE-4276-A520-32430DB77F80}.Debug|Any CPU.ActiveCfg = Debug|Any CPU
		{78D71A68-23CE-4276-A520-32430DB77F80}.Debug|Any CPU.Build.0 = Debug|Any CPU
		{78D71A68-23CE-4276-A520-32430DB77F80}.Release|Any CPU.ActiveCfg = Release|Any CPU
		{78D71A68-23CE-4276-A520-32430DB77F80}.Release|Any CPU.Build.0 = Release|Any CPU
	EndGlobalSection
	GlobalSection(SolutionProperties) = preSolution
		HideSolutionNode = FALSE
	EndGlobalSection
	GlobalSection(ExtensibilityGlobals) = postSolution
		SolutionGuid = {6EF55428-8B57-4A99-A555-C47B6ADCD2B0}
	EndGlobalSection
EndGlobal
